Microsoft Visual Studio Solution File, Format Version 12.00
# Visual Studio Version 17
VisualStudioVersion = 17.13.35931.197
MinimumVisualStudioVersion = 10.0.40219.1
Project("{FAE04EC0-301F-11D3-BF4B-00C04F79EFBC}") = "KhuPhoManager", "KhuPhoManager\KhuPhoManager.csproj", "{9B2A86E5-2BDF-4AFD-95F0-413D02E56B0D}"
EndProject
Global
	GlobalSection(SolutionConfigurationPlatforms) = preSolution
		Debug|Any CPU = Debug|Any CPU
		Release|Any CPU = Release|Any CPU
	EndGlobalSection
	GlobalSection(ProjectConfigurationPlatforms) = postSolution
		{9B2A86E5-2BDF-4AFD-95F0-413D02E56B0D}.Debug|Any CPU.ActiveCfg = Debug|Any CPU
		{9B2A86E5-2BDF-4AFD-95F0-413D02E56B0D}.Debug|Any CPU.Build.0 = Debug|Any CPU
		{9B2A86E5-2BDF-4AFD-95F0-413D02E56B0D}.Release|Any CPU.ActiveCfg = Release|Any CPU
		{9B2A86E5-2BDF-4AFD-95F0-413D02E56B0D}.Release|Any CPU.Build.0 = Release|Any CPU
	EndGlobalSection
	GlobalSection(SolutionProperties) = preSolution
		HideSolutionNode = FALSE
	EndGlobalSection
	GlobalSection(ExtensibilityGlobals) = postSolution
		SolutionGuid = {FF2786F7-4F04-4623-BA2E-EAEA9D088D88}
	EndGlobalSection
EndGlobal
